
Microsoft Visual Studio Solution File, Format Version 12.00
# Visual Studio Version 17
VisualStudioVersion = 17.10.35004.147
MinimumVisualStudioVersion = 10.0.40219.1
Project("{FAE04EC0-301F-11D3-BF4B-00C04F79EFBC}") = "Solution_Day1", "Solution_Day1.csproj", "{A7F1C223-42EB-4AC1-94BB-73CA160C4924}"
EndProject
Global
	GlobalSection(SolutionConfigurationPlatforms) = preSolution
		Debug|Any CPU = Debug|Any CPU
		Release|Any CPU = Release|Any CPU
	EndGlobalSection
	GlobalSection(ProjectConfigurationPlatforms) = postSolution
		{A7F1C223-42EB-4AC1-94BB-73CA160C4924}.Debug|Any CPU.ActiveCfg = Debug|Any CPU
		{A7F1C223-42EB-4AC1-94BB-73CA160C4924}.Debug|Any CPU.Build.0 = Debug|Any CPU
		{A7F1C223-42EB-4AC1-94BB-73CA160C4924}.Release|Any CPU.ActiveCfg = Release|Any CPU
		{A7F1C223-42EB-4AC1-94BB-73CA160C4924}.Release|Any CPU.Build.0 = Release|Any CPU
	EndGlobalSection
	GlobalSection(SolutionProperties) = preSolution
		HideSolutionNode = FALSE
	EndGlobalSection
	GlobalSection(ExtensibilityGlobals) = postSolution
		SolutionGuid = {09184A7C-A38B-4062-B5B7-E54747CB7B12}
	EndGlobalSection
EndGlobal
